// !$*UTF8*$!
{
	archiveVersion = 1;
	classes = {
	};
	objectVersion = 46;
	objects = {

/* Begin PBXBuildFile section */
		10818CBF1EF51DAB007D02FB /* main.m in Sources */ = {isa = PBXBuildFile; fileRef = 10818CBE1EF51DAB007D02FB /* main.m */; };
		10818CC21EF51DAB007D02FB /* AppDelegate.m in Sources */ = {isa = PBXBuildFile; fileRef = 10818CC11EF51DAB007D02FB /* AppDelegate.m */; };
		10818CC51EF51DAB007D02FB /* ViewController.m in Sources */ = {isa = PBXBuildFile; fileRef = 10818CC41EF51DAB007D02FB /* ViewController.m */; };
		10818CC81EF51DAB007D02FB /* Main.storyboard in Resources */ = {isa = PBXBuildFile; fileRef = 10818CC61EF51DAB007D02FB /* Main.storyboard */; };
		10818CCA1EF51DAB007D02FB /* Assets.xcassets in Resources */ = {isa = PBXBuildFile; fileRef = 10818CC91EF51DAB007D02FB /* Assets.xcassets */; };
		10818CCD1EF51DAB007D02FB /* LaunchScreen.storyboard in Resources */ = {isa = PBXBuildFile; fileRef = 10818CCB1EF51DAB007D02FB /* LaunchScreen.storyboard */; };
/* End PBXBuildFile section */

/* Begin PBXFileReference section */
		10818CBA1EF51DAB007D02FB /* MAMapOfTracking.app */ = {isa = PBXFileReference; explicitFileType = wrapper.application; includeInIndex = 0; path = MAMapOfTracking.app; sourceTree = BUILT_PRODUCTS_DIR; };
		10818CBE1EF51DAB007D02FB /* main.m */ = {isa = PBXFileReference; lastKnownFileType = sourcecode.c.objc; path = main.m; sourceTree = "<group>"; };
		10818CC01EF51DAB007D02FB /* AppDelegate.h */ = {isa = PBXFileReference; lastKnownFileType = sourcecode.c.h; path = AppDelegate.h; sourceTree = "<group>"; };
		10818CC11EF51DAB007D02FB /* AppDelegate.m */ = {isa = PBXFileReference; lastKnownFileType = sourcecode.c.objc; path = AppDelegate.m; sourceTree = "<group>"; };
		10818CC31EF51DAB007D02FB /* ViewController.h */ = {isa = PBXFileReference; lastKnownFileType = sourcecode.c.h; path = ViewController.h; sourceTree = "<group>"; };
		10818CC41EF51DAB007D02FB /* ViewController.m */ = {isa = PBXFileReference; lastKnownFileType = sourcecode.c.objc; path = ViewController.m; sourceTree = "<group>"; };
		10818CC71EF51DAB007D02FB /* Base */ = {isa = PBXFileReference; lastKnownFileType = file.storyboard; name = Base; path = Base.lproj/Main.storyboard; sourceTree = "<group>"; };
		10818CC91EF51DAB007D02FB /* Assets.xcassets */ = {isa = PBXFileReference; lastKnownFileType = folder.assetcatalog; path = Assets.xcassets; sourceTree = "<group>"; };
		10818CCC1EF51DAB007D02FB /* Base */ = {isa = PBXFileReference; lastKnownFileType = file.storyboard; name = Base; path = Base.lproj/LaunchScreen.storyboard; sourceTree = "<group>"; };
		10818CCE1EF51DAB007D02FB /* Info.plist */ = {isa = PBXFileReference; lastKnownFileType = text.plist.xml; path = Info.plist; sourceTree = "<group>"; };
/* End PBXFileReference section */

/* Begin PBXFrameworksBuildPhase section */
		10818CB71EF51DAB007D02FB /* Frameworks */ = {
			isa = PBXFrameworksBuildPhase;
			buildActionMask = 2147483647;
			files = (
			);
			runOnlyForDeploymentPostprocessing = 0;
		};
/* End PBXFrameworksBuildPhase section */

/* Begin PBXGroup section */
		10818CB11EF51DAB007D02FB = {
			isa = PBXGroup;
			children = (
				10818CBC1EF51DAB007D02FB /* MAMapOfTracking */,
				10818CBB1EF51DAB007D02FB /* Products */,
			);
			sourceTree = "<group>";
		};
		10818CBB1EF51DAB007D02FB /* Products */ = {
			isa = PBXGroup;
			children = (
				10818CBA1EF51DAB007D02FB /* MAMapOfTracking.app */,
			);
			name = Products;
			sourceTree = "<group>";
		};
		10818CBC1EF51DAB007D02FB /* MAMapOfTracking */ = {
			isa = PBXGroup;
			children = (
				10818CC01EF51DAB007D02FB /* AppDelegate.h */,
				10818CC11EF51DAB007D02FB /* AppDelegate.m */,
				10818CC31EF51DAB007D02FB /* ViewController.h */,
				10818CC41EF51DAB007D02FB /* ViewController.m */,
				10818CC61EF51DAB007D02FB /* Main.storyboard */,
				10818CC91EF51DAB007D02FB /* Assets.xcassets */,
				10818CCB1EF51DAB007D02FB /* LaunchScreen.storyboard */,
				10818CCE1EF51DAB007D02FB /* Info.plist */,
				10818CBD1EF51DAB007D02FB /* Supporting Files */,
			);
			path = MAMapOfTracking;
			sourceTree = "<group>";
		};
		10818CBD1EF51DAB007D02FB /* Supporting Files */ = {
			isa = PBXGroup;
			children = (
				10818CBE1EF51DAB007D02FB /* main.m */,
			);
			name = "Supporting Files";
			sourceTree = "<group>";
		};
/* End PBXGroup section */

/* Begin PBXNativeTarget section */
		10818CB91EF51DAB007D02FB /* MAMapOfTracking */ = {
			isa = PBXNativeTarget;
			buildConfigurationList = 10818CD11EF51DAB007D02FB /* Build configuration list for PBXNativeTarget "MAMapOfTracking" */;
			buildPhases = (
				10818CB61EF51DAB007D02FB /* Sources */,
				10818CB71EF51DAB007D02FB /* Frameworks */,
				10818CB81EF51DAB007D02FB /* Resources */,
			);
			buildRules = (
			);
			dependencies = (
			);
			name = MAMapOfTracking;
			productName = MAMapOfTracking;
			productReference = 10818CBA1EF51DAB007D02FB /* MAMapOfTracking.app */;
			productType = "com.apple.product-type.application";
		};
/* End PBXNativeTarget section */

/* Begin PBXProject section */
		10818CB21EF51DAB007D02FB /* Project object */ = {
			isa = PBXProject;
			attributes = {
				LastUpgradeCheck = 0830;
				ORGANIZATIONNAME = CancerQ;
				TargetAttributes = {
					10818CB91EF51DAB007D02FB = {
						CreatedOnToolsVersion = 8.3.2;
						DevelopmentTeam = 94A5HQWMK3;
						ProvisioningStyle = Automatic;
					};
				};
			};
			buildConfigurationList = 10818CB51EF51DAB007D02FB /* Build configuration list for PBXProject "MAMapOfTracking" */;
			compatibilityVersion = "Xcode 3.2";
			developmentRegion = English;
			hasScannedForEncodings = 0;
			knownRegions = (
				en,
				Base,
			);
			mainGroup = 10818CB11EF51DAB007D02FB;
			productRefGroup = 10818CBB1EF51DAB007D02FB /* Products */;
			projectDirPath = "";
			projectRoot = "";
			targets = (
				10818CB91EF51DAB007D02FB /* MAMapOfTracking */,
			);
		};
/* End PBXProject section */

/* Begin PBXResourcesBuildPhase section */
		10818CB81EF51DAB007D02FB /* Resources */ = {
			isa = PBXResourcesBuildPhase;
			buildActionMask = 2147483647;
			files = (
				10818CCD1EF51DAB007D02FB /* LaunchScreen.storyboard in Resources */,
				10818CCA1EF51DAB007D02FB /* Assets.xcassets in Resources */,
				10818CC81EF51DAB007D02FB /* Main.storyboard in Resources */,
			);
			runOnlyForDeploymentPostprocessing = 0;
		};
/* End PBXResourcesBuildPhase section */

/* Begin PBXSourcesBuildPhase section */
		10818CB61EF51DAB007D02FB /* Sources */ = {
			isa = PBXSourcesBuildPhase;
			buildActionMask = 2147483647;
			files = (
				10818CC51EF51DAB007D02FB /* ViewController.m in Sources */,
				10818CC21EF51DAB007D02FB /* AppDelegate.m in Sources */,
				10818CBF1EF51DAB007D02FB /* main.m in Sources */,
			);
			runOnlyForDeploymentPostprocessing = 0;
		};
/* End PBXSourcesBuildPhase section */

/* Begin PBXVariantGroup section */
		10818CC61EF51DAB007D02FB /* Main.storyboard */ = {
			isa = PBXVariantGroup;
			children = (
				10818CC71EF51DAB007D02FB /* Base */,
			);
			name = Main.storyboard;
			sourceTree = "<group>";
		};
		10818CCB1EF51DAB007D02FB /* LaunchScreen.storyboard */ = {
			isa = PBXVariantGroup;
			children = (
				10818CCC1EF51DAB007D02FB /* Base */,
			);
			name = LaunchScreen.storyboard;
			sourceTree = "<group>";
		};
/* End PBXVariantGroup section */

/* Begin XCBuildConfiguration section */
		10818CCF1EF51DAB007D02FB /* Debug */ = {
			isa = XCBuildConfiguration;
			buildSettings = {
				ALWAYS_SEARCH_USER_PATHS = NO;
				CLANG_ANALYZER_NONNULL = YES;
				CLANG_ANALYZER_NUMBER_OBJECT_CONVERSION = YES_AGGRESSIVE;
				CLANG_CXX_LANGUAGE_STANDARD = "gnu++0x";
				CLANG_CXX_LIBRARY = "libc++";
				CLANG_ENABLE_MODULES = YES;
				CLANG_ENABLE_OBJC_ARC = YES;
				CLANG_WARN_BOOL_CONVERSION = YES;
				CLANG_WARN_CONSTANT_CONVERSION = YES;
				CLANG_WARN_DIRECT_OBJC_ISA_USAGE = YES_ERROR;
				CLANG_WARN_DOCUMENTATION_COMMENTS = YES;
				CLANG_WARN_EMPTY_BODY = YES;
				CLANG_WARN_ENUM_CONVERSION = YES;
				CLANG_WARN_INFINITE_RECURSION = YES;
				CLANG_WARN_INT_CONVERSION = YES;
				CLANG_WARN_OBJC_ROOT_CLASS = YES_ERROR;
				CLANG_WARN_SUSPICIOUS_MOVE = YES;
				CLANG_WARN_UNREACHABLE_CODE = YES;
				CLANG_WARN__DUPLICATE_METHOD_MATCH = YES;
				"CODE_SIGN_IDENTITY[sdk=iphoneos*]" = "iPhone Developer";
				COPY_PHASE_STRIP = NO;
				DEBUG_INFORMATION_FORMAT = dwarf;
				ENABLE_STRICT_OBJC_MSGSEND = YES;
				ENABLE_TESTABILITY = YES;
				GCC_C_LANGUAGE_STANDARD = gnu99;
				GCC_DYNAMIC_NO_PIC = NO;
				GCC_NO_COMMON_BLOCKS = YES;
				GCC_OPTIMIZATION_LEVEL = 0;
				GCC_PREPROCESSOR_DEFINITIONS = (
					"DEBUG=1",
					"$(inherited)",
				);
				GCC_WARN_64_TO_32_BIT_CONVERSION = YES;
				GCC_WARN_ABOUT_RETURN_TYPE = YES_ERROR;
				GCC_WARN_UNDECLARED_SELECTOR = YES;
				GCC_WARN_UNINITIALIZED_AUTOS = YES_AGGRESSIVE;
				GCC_WARN_UNUSED_FUNCTION = YES;
				GCC_WARN_UNUSED_VARIABLE = YES;
				IPHONEOS_DEPLOYMENT_TARGET = 10.3;
				MTL_ENABLE_DEBUG_INFO = YES;
				ONLY_ACTIVE_ARCH = YES;
				SDKROOT = iphoneos;
			};
			name = Debug;
		};
		10818CD01EF51DAB007D02FB /* Release */ = {
			isa = XCBuildConfiguration;
			buildSettings = {
				ALWAYS_SEARCH_USER_PATHS = NO;
				CLANG_ANALYZER_NONNULL = YES;
				CLANG_ANALYZER_NUMBER_OBJECT_CONVERSION = YES_AGGRESSIVE;
				CLANG_CXX_LANGUAGE_STANDARD = "gnu++0x";
				CLANG_CXX_LIBRARY = "libc++";
				CLANG_ENABLE_MODULES = YES;
				CLANG_ENABLE_OBJC_ARC = YES;
				CLANG_WARN_BOOL_CONVERSION = YES;
				CLANG_WARN_CONSTANT_CONVERSION = YES;
				CLANG_WARN_DIRECT_OBJC_ISA_USAGE = YES_ERROR;
				CLANG_WARN_DOCUMENTATION_COMMENTS = YES;
				CLANG_WARN_EMPTY_BODY = YES;
				CLANG_WARN_ENUM_CONVERSION = YES;
				CLANG_WARN_INFINITE_RECURSION = YES;
				CLANG_WARN_INT_CONVERSION = YES;
				CLANG_WARN_OBJC_ROOT_CLASS = YES_ERROR;
				CLANG_WARN_SUSPICIOUS_MOVE = YES;
				CLANG_WARN_UNREACHABLE_CODE = YES;
				CLANG_WARN__DUPLICATE_METHOD_MATCH = YES;
				"CODE_SIGN_IDENTITY[sdk=iphoneos*]" = "iPhone Developer";
				COPY_PHASE_STRIP = NO;
				DEBUG_INFORMATION_FORMAT = "dwarf-with-dsym";
				ENABLE_NS_ASSERTIONS = NO;
				ENABLE_STRICT_OBJC_MSGSEND = YES;
				GCC_C_LANGUAGE_STANDARD = gnu99;
				GCC_NO_COMMON_BLOCKS = YES;
				GCC_WARN_64_TO_32_BIT_CONVERSION = YES;
				GCC_WARN_ABOUT_RETURN_TYPE = YES_ERROR;
				GCC_WARN_UNDECLARED_SELECTOR = YES;
				GCC_WARN_UNINITIALIZED_AUTOS = YES_AGGRESSIVE;
				GCC_WARN_UNUSED_FUNCTION = YES;
				GCC_WARN_UNUSED_VARIABLE = YES;
				IPHONEOS_DEPLOYMENT_TARGET = 10.3;
				MTL_ENABLE_DEBUG_INFO = NO;
				SDKROOT = iphoneos;
				VALIDATE_PRODUCT = YES;
			};
			name = Release;
		};
		10818CD21EF51DAB007D02FB /* Debug */ = {
			isa = XCBuildConfiguration;
			buildSettings = {
				ASSETCATALOG_COMPILER_APPICON_NAME = AppIcon;
				DEVELOPMENT_TEAM = 94A5HQWMK3;
				INFOPLIST_FILE = MAMapOfTracking/Info.plist;
				LD_RUNPATH_SEARCH_PATHS = "$(inherited) @executable_path/Frameworks";
				PRODUCT_BUNDLE_IDENTIFIER = CancerQ.MAMapOfTracking;
				PRODUCT_NAME = "$(TARGET_NAME)";
			};
			name = Debug;
		};
		10818CD31EF51DAB007D02FB /* Release */ = {
			isa = XCBuildConfiguration;
			buildSettings = {
				ASSETCATALOG_COMPILER_APPICON_NAME = AppIcon;
				DEVELOPMENT_TEAM = 94A5HQWMK3;
				INFOPLIST_FILE = MAMapOfTracking/Info.plist;
				LD_RUNPATH_SEARCH_PATHS = "$(inherited) @executable_path/Frameworks";
				PRODUCT_BUNDLE_IDENTIFIER = CancerQ.MAMapOfTracking;
				PRODUCT_NAME = "$(TARGET_NAME)";
			};
			name = Release;
		};
/* End XCBuildConfiguration section */

/* Begin XCConfigurationList section */
		10818CB51EF51DAB007D02FB /* Build configuration list for PBXProject "MAMapOfTracking" */ = {
			isa = XCConfigurationList;
			buildConfigurations = (
				10818CCF1EF51DAB007D02FB /* Debug */,
				10818CD01EF51DAB007D02FB /* Release */,
			);
			defaultConfigurationIsVisible = 0;
			defaultConfigurationName = Release;
		};
		10818CD11EF51DAB007D02FB /* Build configuration list for PBXNativeTarget "MAMapOfTracking" */ = {
			isa = XCConfigurationList;
			buildConfigurations = (
				10818CD21EF51DAB007D02FB /* Debug */,
				10818CD31EF51DAB007D02FB /* Release */,
			);
			defaultConfigurationIsVisible = 0;
		};
/* End XCConfigurationList section */
	};
	rootObject = 10818CB21EF51DAB007D02FB /* Project object */;
}
